// !$*UTF8*$!
{
	archiveVersion = 1;
	classes = {
	};
	objectVersion = 56;
	objects = {

/* Begin PBXBuildFile section */
		96B1FEF12C35CDDC00AEC78E /* SwiftUIBasicApp.swift in Sources */ = {isa = PBXBuildFile; fileRef = 96B1FEF02C35CDDC00AEC78E /* SwiftUIBasicApp.swift */; };
		96B1FEF32C35CDDC00AEC78E /* ContentView.swift in Sources */ = {isa = PBXBuildFile; fileRef = 96B1FEF22C35CDDC00AEC78E /* ContentView.swift */; };
		96B1FEF52C35CDDE00AEC78E /* Assets.xcassets in Resources */ = {isa = PBXBuildFile; fileRef = 96B1FEF42C35CDDE00AEC78E /* Assets.xcassets */; };
		96B1FEF82C35CDDE00AEC78E /* Preview Assets.xcassets in Resources */ = {isa = PBXBuildFile; fileRef = 96B1FEF72C35CDDE00AEC78E /* Preview Assets.xcassets */; };
		96B1FEFF2C35D11700AEC78E /* TextSwiftUIView.swift in Sources */ = {isa = PBXBuildFile; fileRef = 96B1FEFE2C35D11700AEC78E /* TextSwiftUIView.swift */; };
		96B1FF012C35D8C600AEC78E /* Shapes.swift in Sources */ = {isa = PBXBuildFile; fileRef = 96B1FF002C35D8C600AEC78E /* Shapes.swift */; };
		96B1FF032C35E06D00AEC78E /* ColorsBootcamp.swift in Sources */ = {isa = PBXBuildFile; fileRef = 96B1FF022C35E06D00AEC78E /* ColorsBootcamp.swift */; };
		96DB85EC2C36E07F0088CC93 /* GradientSwiftUIView.swift in Sources */ = {isa = PBXBuildFile; fileRef = 96DB85EB2C36E07F0088CC93 /* GradientSwiftUIView.swift */; };
		96DB85EE2C36ECB00088CC93 /* BackgroundOverlaySwiftUIView.swift in Sources */ = {isa = PBXBuildFile; fileRef = 96DB85ED2C36ECB00088CC93 /* BackgroundOverlaySwiftUIView.swift */; };
		96DB85F02C3701F40088CC93 /* InitializerSwiftUIView.swift in Sources */ = {isa = PBXBuildFile; fileRef = 96DB85EF2C3701F40088CC93 /* InitializerSwiftUIView.swift */; };
		96DB85F22C3744380088CC93 /* ScrollviewSwiftUIView.swift in Sources */ = {isa = PBXBuildFile; fileRef = 96DB85F12C3744380088CC93 /* ScrollviewSwiftUIView.swift */; };
		96DB85F42C38860B0088CC93 /* GridSwiftUIView.swift in Sources */ = {isa = PBXBuildFile; fileRef = 96DB85F32C38860B0088CC93 /* GridSwiftUIView.swift */; };
		96DB85F62C388D030088CC93 /* SafeAreaSwiftUIView.swift in Sources */ = {isa = PBXBuildFile; fileRef = 96DB85F52C388D030088CC93 /* SafeAreaSwiftUIView.swift */; };
		96DB85F82C38939A0088CC93 /* StateSwiftUIView.swift in Sources */ = {isa = PBXBuildFile; fileRef = 96DB85F72C38939A0088CC93 /* StateSwiftUIView.swift */; };
		96DB85FA2C3895FB0088CC93 /* SubviewsSwiftUIView.swift in Sources */ = {isa = PBXBuildFile; fileRef = 96DB85F92C3895FB0088CC93 /* SubviewsSwiftUIView.swift */; };
		96DB85FC2C3C1EC80088CC93 /* bindingSwiftUIView.swift in Sources */ = {isa = PBXBuildFile; fileRef = 96DB85FB2C3C1EC80088CC93 /* bindingSwiftUIView.swift */; };
		96DB85FE2C3C26630088CC93 /* ConditionalSwiftUIView.swift in Sources */ = {isa = PBXBuildFile; fileRef = 96DB85FD2C3C26630088CC93 /* ConditionalSwiftUIView.swift */; };
		96DB86002C3C3A5F0088CC93 /* AnimationSwiftUIView.swift in Sources */ = {isa = PBXBuildFile; fileRef = 96DB85FF2C3C3A5F0088CC93 /* AnimationSwiftUIView.swift */; };
		96DB86022C3C3D420088CC93 /* AnimationTimingSwiftUIView.swift in Sources */ = {isa = PBXBuildFile; fileRef = 96DB86012C3C3D420088CC93 /* AnimationTimingSwiftUIView.swift */; };
		96DB86042C3C7E8D0088CC93 /* TransitionSwiftUIView.swift in Sources */ = {isa = PBXBuildFile; fileRef = 96DB86032C3C7E8D0088CC93 /* TransitionSwiftUIView.swift */; };
		96DB86062C3C8AF80088CC93 /* SheetSwiftUIView.swift in Sources */ = {isa = PBXBuildFile; fileRef = 96DB86052C3C8AF80088CC93 /* SheetSwiftUIView.swift */; };
		96DB86082C3D85940088CC93 /* ListSwiftUIView.swift in Sources */ = {isa = PBXBuildFile; fileRef = 96DB86072C3D85940088CC93 /* ListSwiftUIView.swift */; };
		96DB860A2C3DBF700088CC93 /* AlertSwiftUIView.swift in Sources */ = {isa = PBXBuildFile; fileRef = 96DB86092C3DBF700088CC93 /* AlertSwiftUIView.swift */; };
		96DB860C2C3DCA320088CC93 /* ActionSheetSwiftUIView.swift in Sources */ = {isa = PBXBuildFile; fileRef = 96DB860B2C3DCA320088CC93 /* ActionSheetSwiftUIView.swift */; };
		96DB860E2C3DD3090088CC93 /* ContextMenuSwiftUIView.swift in Sources */ = {isa = PBXBuildFile; fileRef = 96DB860D2C3DD3090088CC93 /* ContextMenuSwiftUIView.swift */; };
		96DB86102C3EB4A30088CC93 /* TextEditorSwiftUIView.swift in Sources */ = {isa = PBXBuildFile; fileRef = 96DB860F2C3EB4A30088CC93 /* TextEditorSwiftUIView.swift */; };
		96DB86122C3ED0250088CC93 /* ToggleSwiftUI.swift in Sources */ = {isa = PBXBuildFile; fileRef = 96DB86112C3ED0250088CC93 /* ToggleSwiftUI.swift */; };
		96DB86142C3ED13D0088CC93 /* PickerSwiftUIView.swift in Sources */ = {isa = PBXBuildFile; fileRef = 96DB86132C3ED13D0088CC93 /* PickerSwiftUIView.swift */; };
		96DB86162C3EDA8F0088CC93 /* ColorPickerSwiftUIView.swift in Sources */ = {isa = PBXBuildFile; fileRef = 96DB86152C3EDA8F0088CC93 /* ColorPickerSwiftUIView.swift */; };
		96DB86182C3EDC480088CC93 /* DataPickerSwiftUIView.swift in Sources */ = {isa = PBXBuildFile; fileRef = 96DB86172C3EDC480088CC93 /* DataPickerSwiftUIView.swift */; };
		96DB861A2C3EE6120088CC93 /* StepperSwiftUIView.swift in Sources */ = {isa = PBXBuildFile; fileRef = 96DB86192C3EE6120088CC93 /* StepperSwiftUIView.swift */; };
		96DB861C2C3F043B0088CC93 /* SliderSwiftUIView.swift in Sources */ = {isa = PBXBuildFile; fileRef = 96DB861B2C3F043B0088CC93 /* SliderSwiftUIView.swift */; };
		96DB861E2C3F07470088CC93 /* TabViewSwiftUIView.swift in Sources */ = {isa = PBXBuildFile; fileRef = 96DB861D2C3F07470088CC93 /* TabViewSwiftUIView.swift */; };
		96DB86202C3F12B00088CC93 /* DarkModeSwiftUIView.swift in Sources */ = {isa = PBXBuildFile; fileRef = 96DB861F2C3F12B00088CC93 /* DarkModeSwiftUIView.swift */; };
		96DB86222C3F195B0088CC93 /* OnAppeaerSwiftUIView.swift in Sources */ = {isa = PBXBuildFile; fileRef = 96DB86212C3F195B0088CC93 /* OnAppeaerSwiftUIView.swift */; };
		96DB86242C3F211B0088CC93 /* TapGestureSwiftUIView.swift in Sources */ = {isa = PBXBuildFile; fileRef = 96DB86232C3F211B0088CC93 /* TapGestureSwiftUIView.swift */; };
		96DB86262C3F23150088CC93 /* ModelSwiftUIView.swift in Sources */ = {isa = PBXBuildFile; fileRef = 96DB86252C3F23150088CC93 /* ModelSwiftUIView.swift */; };
		96DB86282C3F273A0088CC93 /* ViewModelSwiftUIView.swift in Sources */ = {isa = PBXBuildFile; fileRef = 96DB86272C3F273A0088CC93 /* ViewModelSwiftUIView.swift */; };
		96DB862A2C402F950088CC93 /* EnvironmentObjectSwiftUIView.swift in Sources */ = {isa = PBXBuildFile; fileRef = 96DB86292C402F950088CC93 /* EnvironmentObjectSwiftUIView.swift */; };
/* End PBXBuildFile section */

/* Begin PBXFileReference section */
		96B1FEED2C35CDDC00AEC78E /* SwiftUIBasic.app */ = {isa = PBXFileReference; explicitFileType = wrapper.application; includeInIndex = 0; path = SwiftUIBasic.app; sourceTree = BUILT_PRODUCTS_DIR; };
		96B1FEF02C35CDDC00AEC78E /* SwiftUIBasicApp.swift */ = {isa = PBXFileReference; lastKnownFileType = sourcecode.swift; path = SwiftUIBasicApp.swift; sourceTree = "<group>"; };
		96B1FEF22C35CDDC00AEC78E /* ContentView.swift */ = {isa = PBXFileReference; lastKnownFileType = sourcecode.swift; path = ContentView.swift; sourceTree = "<group>"; };
		96B1FEF42C35CDDE00AEC78E /* Assets.xcassets */ = {isa = PBXFileReference; lastKnownFileType = folder.assetcatalog; path = Assets.xcassets; sourceTree = "<group>"; };
		96B1FEF72C35CDDE00AEC78E /* Preview Assets.xcassets */ = {isa = PBXFileReference; lastKnownFileType = folder.assetcatalog; path = "Preview Assets.xcassets"; sourceTree = "<group>"; };
		96B1FEFE2C35D11700AEC78E /* TextSwiftUIView.swift */ = {isa = PBXFileReference; lastKnownFileType = sourcecode.swift; path = TextSwiftUIView.swift; sourceTree = "<group>"; };
		96B1FF002C35D8C600AEC78E /* Shapes.swift */ = {isa = PBXFileReference; lastKnownFileType = sourcecode.swift; path = Shapes.swift; sourceTree = "<group>"; };
		96B1FF022C35E06D00AEC78E /* ColorsBootcamp.swift */ = {isa = PBXFileReference; lastKnownFileType = sourcecode.swift; path = ColorsBootcamp.swift; sourceTree = "<group>"; };
		96DB85EB2C36E07F0088CC93 /* GradientSwiftUIView.swift */ = {isa = PBXFileReference; lastKnownFileType = sourcecode.swift; path = GradientSwiftUIView.swift; sourceTree = "<group>"; };
		96DB85ED2C36ECB00088CC93 /* BackgroundOverlaySwiftUIView.swift */ = {isa = PBXFileReference; lastKnownFileType = sourcecode.swift; path = BackgroundOverlaySwiftUIView.swift; sourceTree = "<group>"; };
		96DB85EF2C3701F40088CC93 /* InitializerSwiftUIView.swift */ = {isa = PBXFileReference; lastKnownFileType = sourcecode.swift; path = InitializerSwiftUIView.swift; sourceTree = "<group>"; };
		96DB85F12C3744380088CC93 /* ScrollviewSwiftUIView.swift */ = {isa = PBXFileReference; lastKnownFileType = sourcecode.swift; path = ScrollviewSwiftUIView.swift; sourceTree = "<group>"; };
		96DB85F32C38860B0088CC93 /* GridSwiftUIView.swift */ = {isa = PBXFileReference; lastKnownFileType = sourcecode.swift; path = GridSwiftUIView.swift; sourceTree = "<group>"; };
		96DB85F52C388D030088CC93 /* SafeAreaSwiftUIView.swift */ = {isa = PBXFileReference; lastKnownFileType = sourcecode.swift; path = SafeAreaSwiftUIView.swift; sourceTree = "<group>"; };
		96DB85F72C38939A0088CC93 /* StateSwiftUIView.swift */ = {isa = PBXFileReference; lastKnownFileType = sourcecode.swift; path = StateSwiftUIView.swift; sourceTree = "<group>"; };
		96DB85F92C3895FB0088CC93 /* SubviewsSwiftUIView.swift */ = {isa = PBXFileReference; lastKnownFileType = sourcecode.swift; path = SubviewsSwiftUIView.swift; sourceTree = "<group>"; };
		96DB85FB2C3C1EC80088CC93 /* bindingSwiftUIView.swift */ = {isa = PBXFileReference; lastKnownFileType = sourcecode.swift; path = bindingSwiftUIView.swift; sourceTree = "<group>"; };
		96DB85FD2C3C26630088CC93 /* ConditionalSwiftUIView.swift */ = {isa = PBXFileReference; lastKnownFileType = sourcecode.swift; path = ConditionalSwiftUIView.swift; sourceTree = "<group>"; };
		96DB85FF2C3C3A5F0088CC93 /* AnimationSwiftUIView.swift */ = {isa = PBXFileReference; lastKnownFileType = sourcecode.swift; path = AnimationSwiftUIView.swift; sourceTree = "<group>"; };
		96DB86012C3C3D420088CC93 /* AnimationTimingSwiftUIView.swift */ = {isa = PBXFileReference; lastKnownFileType = sourcecode.swift; path = AnimationTimingSwiftUIView.swift; sourceTree = "<group>"; };
		96DB86032C3C7E8D0088CC93 /* TransitionSwiftUIView.swift */ = {isa = PBXFileReference; lastKnownFileType = sourcecode.swift; path = TransitionSwiftUIView.swift; sourceTree = "<group>"; };
		96DB86052C3C8AF80088CC93 /* SheetSwiftUIView.swift */ = {isa = PBXFileReference; lastKnownFileType = sourcecode.swift; path = SheetSwiftUIView.swift; sourceTree = "<group>"; };
		96DB86072C3D85940088CC93 /* ListSwiftUIView.swift */ = {isa = PBXFileReference; lastKnownFileType = sourcecode.swift; path = ListSwiftUIView.swift; sourceTree = "<group>"; };
		96DB86092C3DBF700088CC93 /* AlertSwiftUIView.swift */ = {isa = PBXFileReference; lastKnownFileType = sourcecode.swift; path = AlertSwiftUIView.swift; sourceTree = "<group>"; };
		96DB860B2C3DCA320088CC93 /* ActionSheetSwiftUIView.swift */ = {isa = PBXFileReference; lastKnownFileType = sourcecode.swift; path = ActionSheetSwiftUIView.swift; sourceTree = "<group>"; };
		96DB860D2C3DD3090088CC93 /* ContextMenuSwiftUIView.swift */ = {isa = PBXFileReference; lastKnownFileType = sourcecode.swift; path = ContextMenuSwiftUIView.swift; sourceTree = "<group>"; };
		96DB860F2C3EB4A30088CC93 /* TextEditorSwiftUIView.swift */ = {isa = PBXFileReference; lastKnownFileType = sourcecode.swift; path = TextEditorSwiftUIView.swift; sourceTree = "<group>"; };
		96DB86112C3ED0250088CC93 /* ToggleSwiftUI.swift */ = {isa = PBXFileReference; lastKnownFileType = sourcecode.swift; path = ToggleSwiftUI.swift; sourceTree = "<group>"; };
		96DB86132C3ED13D0088CC93 /* PickerSwiftUIView.swift */ = {isa = PBXFileReference; lastKnownFileType = sourcecode.swift; path = PickerSwiftUIView.swift; sourceTree = "<group>"; };
		96DB86152C3EDA8F0088CC93 /* ColorPickerSwiftUIView.swift */ = {isa = PBXFileReference; lastKnownFileType = sourcecode.swift; path = ColorPickerSwiftUIView.swift; sourceTree = "<group>"; };
		96DB86172C3EDC480088CC93 /* DataPickerSwiftUIView.swift */ = {isa = PBXFileReference; lastKnownFileType = sourcecode.swift; path = DataPickerSwiftUIView.swift; sourceTree = "<group>"; };
		96DB86192C3EE6120088CC93 /* StepperSwiftUIView.swift */ = {isa = PBXFileReference; lastKnownFileType = sourcecode.swift; path = StepperSwiftUIView.swift; sourceTree = "<group>"; };
		96DB861B2C3F043B0088CC93 /* SliderSwiftUIView.swift */ = {isa = PBXFileReference; lastKnownFileType = sourcecode.swift; path = SliderSwiftUIView.swift; sourceTree = "<group>"; };
		96DB861D2C3F07470088CC93 /* TabViewSwiftUIView.swift */ = {isa = PBXFileReference; lastKnownFileType = sourcecode.swift; path = TabViewSwiftUIView.swift; sourceTree = "<group>"; };
		96DB861F2C3F12B00088CC93 /* DarkModeSwiftUIView.swift */ = {isa = PBXFileReference; lastKnownFileType = sourcecode.swift; path = DarkModeSwiftUIView.swift; sourceTree = "<group>"; };
		96DB86212C3F195B0088CC93 /* OnAppeaerSwiftUIView.swift */ = {isa = PBXFileReference; lastKnownFileType = sourcecode.swift; path = OnAppeaerSwiftUIView.swift; sourceTree = "<group>"; };
		96DB86232C3F211B0088CC93 /* TapGestureSwiftUIView.swift */ = {isa = PBXFileReference; lastKnownFileType = sourcecode.swift; path = TapGestureSwiftUIView.swift; sourceTree = "<group>"; };
		96DB86252C3F23150088CC93 /* ModelSwiftUIView.swift */ = {isa = PBXFileReference; lastKnownFileType = sourcecode.swift; path = ModelSwiftUIView.swift; sourceTree = "<group>"; };
		96DB86272C3F273A0088CC93 /* ViewModelSwiftUIView.swift */ = {isa = PBXFileReference; lastKnownFileType = sourcecode.swift; path = ViewModelSwiftUIView.swift; sourceTree = "<group>"; };
		96DB86292C402F950088CC93 /* EnvironmentObjectSwiftUIView.swift */ = {isa = PBXFileReference; lastKnownFileType = sourcecode.swift; path = EnvironmentObjectSwiftUIView.swift; sourceTree = "<group>"; };
/* End PBXFileReference section */

/* Begin PBXFrameworksBuildPhase section */
		96B1FEEA2C35CDDC00AEC78E /* Frameworks */ = {
			isa = PBXFrameworksBuildPhase;
			buildActionMask = 2147483647;
			files = (
			);
			runOnlyForDeploymentPostprocessing = 0;
		};
/* End PBXFrameworksBuildPhase section */

/* Begin PBXGroup section */
		96B1FEE42C35CDDC00AEC78E = {
			isa = PBXGroup;
			children = (
				96B1FEEF2C35CDDC00AEC78E /* SwiftUIBasic */,
				96B1FEEE2C35CDDC00AEC78E /* Products */,
			);
			sourceTree = "<group>";
		};
		96B1FEEE2C35CDDC00AEC78E /* Products */ = {
			isa = PBXGroup;
			children = (
				96B1FEED2C35CDDC00AEC78E /* SwiftUIBasic.app */,
			);
			name = Products;
			sourceTree = "<group>";
		};
		96B1FEEF2C35CDDC00AEC78E /* SwiftUIBasic */ = {
			isa = PBXGroup;
			children = (
				96B1FEF02C35CDDC00AEC78E /* SwiftUIBasicApp.swift */,
				96B1FEF22C35CDDC00AEC78E /* ContentView.swift */,
				96B1FEFE2C35D11700AEC78E /* TextSwiftUIView.swift */,
				96B1FF022C35E06D00AEC78E /* ColorsBootcamp.swift */,
				96DB85EB2C36E07F0088CC93 /* GradientSwiftUIView.swift */,
				96DB85ED2C36ECB00088CC93 /* BackgroundOverlaySwiftUIView.swift */,
				96DB85EF2C3701F40088CC93 /* InitializerSwiftUIView.swift */,
				96DB85F12C3744380088CC93 /* ScrollviewSwiftUIView.swift */,
				96DB85F32C38860B0088CC93 /* GridSwiftUIView.swift */,
				96DB85F52C388D030088CC93 /* SafeAreaSwiftUIView.swift */,
				96DB85F72C38939A0088CC93 /* StateSwiftUIView.swift */,
				96DB85F92C3895FB0088CC93 /* SubviewsSwiftUIView.swift */,
				96DB85FB2C3C1EC80088CC93 /* bindingSwiftUIView.swift */,
				96DB85FD2C3C26630088CC93 /* ConditionalSwiftUIView.swift */,
				96DB85FF2C3C3A5F0088CC93 /* AnimationSwiftUIView.swift */,
				96DB86012C3C3D420088CC93 /* AnimationTimingSwiftUIView.swift */,
				96DB86032C3C7E8D0088CC93 /* TransitionSwiftUIView.swift */,
				96DB86052C3C8AF80088CC93 /* SheetSwiftUIView.swift */,
				96B1FF002C35D8C600AEC78E /* Shapes.swift */,
				96DB86072C3D85940088CC93 /* ListSwiftUIView.swift */,
				96DB86092C3DBF700088CC93 /* AlertSwiftUIView.swift */,
				96DB860B2C3DCA320088CC93 /* ActionSheetSwiftUIView.swift */,
				96DB860D2C3DD3090088CC93 /* ContextMenuSwiftUIView.swift */,
				96DB860F2C3EB4A30088CC93 /* TextEditorSwiftUIView.swift */,
				96DB86112C3ED0250088CC93 /* ToggleSwiftUI.swift */,
				96DB86132C3ED13D0088CC93 /* PickerSwiftUIView.swift */,
				96DB86152C3EDA8F0088CC93 /* ColorPickerSwiftUIView.swift */,
				96DB86172C3EDC480088CC93 /* DataPickerSwiftUIView.swift */,
				96DB86192C3EE6120088CC93 /* StepperSwiftUIView.swift */,
				96DB861B2C3F043B0088CC93 /* SliderSwiftUIView.swift */,
				96DB861D2C3F07470088CC93 /* TabViewSwiftUIView.swift */,
				96DB861F2C3F12B00088CC93 /* DarkModeSwiftUIView.swift */,
				96DB86212C3F195B0088CC93 /* OnAppeaerSwiftUIView.swift */,
				96DB86232C3F211B0088CC93 /* TapGestureSwiftUIView.swift */,
				96DB86252C3F23150088CC93 /* ModelSwiftUIView.swift */,
				96DB86272C3F273A0088CC93 /* ViewModelSwiftUIView.swift */,
				96DB86292C402F950088CC93 /* EnvironmentObjectSwiftUIView.swift */,
				96B1FEF42C35CDDE00AEC78E /* Assets.xcassets */,
				96B1FEF62C35CDDE00AEC78E /* Preview Content */,
			);
			path = SwiftUIBasic;
			sourceTree = "<group>";
		};
		96B1FEF62C35CDDE00AEC78E /* Preview Content */ = {
			isa = PBXGroup;
			children = (
				96B1FEF72C35CDDE00AEC78E /* Preview Assets.xcassets */,
			);
			path = "Preview Content";
			sourceTree = "<group>";
		};
/* End PBXGroup section */

/* Begin PBXNativeTarget section */
		96B1FEEC2C35CDDC00AEC78E /* SwiftUIBasic */ = {
			isa = PBXNativeTarget;
			buildConfigurationList = 96B1FEFB2C35CDDE00AEC78E /* Build configuration list for PBXNativeTarget "SwiftUIBasic" */;
			buildPhases = (
				96B1FEE92C35CDDC00AEC78E /* Sources */,
				96B1FEEA2C35CDDC00AEC78E /* Frameworks */,
				96B1FEEB2C35CDDC00AEC78E /* Resources */,
			);
			buildRules = (
			);
			dependencies = (
			);
			name = SwiftUIBasic;
			productName = SwiftUIBasic;
			productReference = 96B1FEED2C35CDDC00AEC78E /* SwiftUIBasic.app */;
			productType = "com.apple.product-type.application";
		};
/* End PBXNativeTarget section */

/* Begin PBXProject section */
		96B1FEE52C35CDDC00AEC78E /* Project object */ = {
			isa = PBXProject;
			attributes = {
				BuildIndependentTargetsInParallel = 1;
				LastSwiftUpdateCheck = 1540;
				LastUpgradeCheck = 1540;
				TargetAttributes = {
					96B1FEEC2C35CDDC00AEC78E = {
						CreatedOnToolsVersion = 15.4;
					};
				};
			};
			buildConfigurationList = 96B1FEE82C35CDDC00AEC78E /* Build configuration list for PBXProject "SwiftUIBasic" */;
			compatibilityVersion = "Xcode 14.0";
			developmentRegion = en;
			hasScannedForEncodings = 0;
			knownRegions = (
				en,
				Base,
			);
			mainGroup = 96B1FEE42C35CDDC00AEC78E;
			productRefGroup = 96B1FEEE2C35CDDC00AEC78E /* Products */;
			projectDirPath = "";
			projectRoot = "";
			targets = (
				96B1FEEC2C35CDDC00AEC78E /* SwiftUIBasic */,
			);
		};
/* End PBXProject section */

/* Begin PBXResourcesBuildPhase section */
		96B1FEEB2C35CDDC00AEC78E /* Resources */ = {
			isa = PBXResourcesBuildPhase;
			buildActionMask = 2147483647;
			files = (
				96B1FEF82C35CDDE00AEC78E /* Preview Assets.xcassets in Resources */,
				96B1FEF52C35CDDE00AEC78E /* Assets.xcassets in Resources */,
			);
			runOnlyForDeploymentPostprocessing = 0;
		};
/* End PBXResourcesBuildPhase section */

/* Begin PBXSourcesBuildPhase section */
		96B1FEE92C35CDDC00AEC78E /* Sources */ = {
			isa = PBXSourcesBuildPhase;
			buildActionMask = 2147483647;
			files = (
				96DB86182C3EDC480088CC93 /* DataPickerSwiftUIView.swift in Sources */,
				96DB86202C3F12B00088CC93 /* DarkModeSwiftUIView.swift in Sources */,
				96DB861C2C3F043B0088CC93 /* SliderSwiftUIView.swift in Sources */,
				96DB861E2C3F07470088CC93 /* TabViewSwiftUIView.swift in Sources */,
				96B1FEF32C35CDDC00AEC78E /* ContentView.swift in Sources */,
				96DB85FE2C3C26630088CC93 /* ConditionalSwiftUIView.swift in Sources */,
				96DB86022C3C3D420088CC93 /* AnimationTimingSwiftUIView.swift in Sources */,
				96DB85F02C3701F40088CC93 /* InitializerSwiftUIView.swift in Sources */,
				96DB85FC2C3C1EC80088CC93 /* bindingSwiftUIView.swift in Sources */,
				96B1FEF12C35CDDC00AEC78E /* SwiftUIBasicApp.swift in Sources */,
				96DB860A2C3DBF700088CC93 /* AlertSwiftUIView.swift in Sources */,
				96DB861A2C3EE6120088CC93 /* StepperSwiftUIView.swift in Sources */,
				96DB85EC2C36E07F0088CC93 /* GradientSwiftUIView.swift in Sources */,
				96DB862A2C402F950088CC93 /* EnvironmentObjectSwiftUIView.swift in Sources */,
				96DB86102C3EB4A30088CC93 /* TextEditorSwiftUIView.swift in Sources */,
				96DB85F82C38939A0088CC93 /* StateSwiftUIView.swift in Sources */,
				96DB85EE2C36ECB00088CC93 /* BackgroundOverlaySwiftUIView.swift in Sources */,
				96DB85F22C3744380088CC93 /* ScrollviewSwiftUIView.swift in Sources */,
				96B1FEFF2C35D11700AEC78E /* TextSwiftUIView.swift in Sources */,
				96B1FF032C35E06D00AEC78E /* ColorsBootcamp.swift in Sources */,
				96DB86282C3F273A0088CC93 /* ViewModelSwiftUIView.swift in Sources */,
				96DB86162C3EDA8F0088CC93 /* ColorPickerSwiftUIView.swift in Sources */,
				96DB86002C3C3A5F0088CC93 /* AnimationSwiftUIView.swift in Sources */,
				96DB85F42C38860B0088CC93 /* GridSwiftUIView.swift in Sources */,
				96DB86242C3F211B0088CC93 /* TapGestureSwiftUIView.swift in Sources */,
				96DB86082C3D85940088CC93 /* ListSwiftUIView.swift in Sources */,
				96DB86062C3C8AF80088CC93 /* SheetSwiftUIView.swift in Sources */,
				96DB86222C3F195B0088CC93 /* OnAppeaerSwiftUIView.swift in Sources */,
				96DB860E2C3DD3090088CC93 /* ContextMenuSwiftUIView.swift in Sources */,
				96DB86262C3F23150088CC93 /* ModelSwiftUIView.swift in Sources */,
				96B1FF012C35D8C600AEC78E /* Shapes.swift in Sources */,
				96DB860C2C3DCA320088CC93 /* ActionSheetSwiftUIView.swift in Sources */,
				96DB86122C3ED0250088CC93 /* ToggleSwiftUI.swift in Sources */,
				96DB86042C3C7E8D0088CC93 /* TransitionSwiftUIView.swift in Sources */,
				96DB85F62C388D030088CC93 /* SafeAreaSwiftUIView.swift in Sources */,
				96DB86142C3ED13D0088CC93 /* PickerSwiftUIView.swift in Sources */,
				96DB85FA2C3895FB0088CC93 /* SubviewsSwiftUIView.swift in Sources */,
			);
			runOnlyForDeploymentPostprocessing = 0;
		};
/* End PBXSourcesBuildPhase section */

/* Begin XCBuildConfiguration section */
		96B1FEF92C35CDDE00AEC78E /* Debug */ = {
			isa = XCBuildConfiguration;
			buildSettings = {
				ALWAYS_SEARCH_USER_PATHS = NO;
				ASSETCATALOG_COMPILER_GENERATE_SWIFT_ASSET_SYMBOL_EXTENSIONS = YES;
				CLANG_ANALYZER_NONNULL = YES;
				CLANG_ANALYZER_NUMBER_OBJECT_CONVERSION = YES_AGGRESSIVE;
				CLANG_CXX_LANGUAGE_STANDARD = "gnu++20";
				CLANG_ENABLE_MODULES = YES;
				CLANG_ENABLE_OBJC_ARC = YES;
				CLANG_ENABLE_OBJC_WEAK = YES;
				CLANG_WARN_BLOCK_CAPTURE_AUTORELEASING = YES;
				CLANG_WARN_BOOL_CONVERSION = YES;
				CLANG_WARN_COMMA = YES;
				CLANG_WARN_CONSTANT_CONVERSION = YES;
				CLANG_WARN_DEPRECATED_OBJC_IMPLEMENTATIONS = YES;
				CLANG_WARN_DIRECT_OBJC_ISA_USAGE = YES_ERROR;
				CLANG_WARN_DOCUMENTATION_COMMENTS = YES;
				CLANG_WARN_EMPTY_BODY = YES;
				CLANG_WARN_ENUM_CONVERSION = YES;
				CLANG_WARN_INFINITE_RECURSION = YES;
				CLANG_WARN_INT_CONVERSION = YES;
				CLANG_WARN_NON_LITERAL_NULL_CONVERSION = YES;
				CLANG_WARN_OBJC_IMPLICIT_RETAIN_SELF = YES;
				CLANG_WARN_OBJC_LITERAL_CONVERSION = YES;
				CLANG_WARN_OBJC_ROOT_CLASS = YES_ERROR;
				CLANG_WARN_QUOTED_INCLUDE_IN_FRAMEWORK_HEADER = YES;
				CLANG_WARN_RANGE_LOOP_ANALYSIS = YES;
				CLANG_WARN_STRICT_PROTOTYPES = YES;
				CLANG_WARN_SUSPICIOUS_MOVE = YES;
				CLANG_WARN_UNGUARDED_AVAILABILITY = YES_AGGRESSIVE;
				CLANG_WARN_UNREACHABLE_CODE = YES;
				CLANG_WARN__DUPLICATE_METHOD_MATCH = YES;
				COPY_PHASE_STRIP = NO;
				DEBUG_INFORMATION_FORMAT = dwarf;
				ENABLE_STRICT_OBJC_MSGSEND = YES;
				ENABLE_TESTABILITY = YES;
				ENABLE_USER_SCRIPT_SANDBOXING = YES;
				GCC_C_LANGUAGE_STANDARD = gnu17;
				GCC_DYNAMIC_NO_PIC = NO;
				GCC_NO_COMMON_BLOCKS = YES;
				GCC_OPTIMIZATION_LEVEL = 0;
				GCC_PREPROCESSOR_DEFINITIONS = (
					"DEBUG=1",
					"$(inherited)",
				);
				GCC_WARN_64_TO_32_BIT_CONVERSION = YES;
				GCC_WARN_ABOUT_RETURN_TYPE = YES_ERROR;
				GCC_WARN_UNDECLARED_SELECTOR = YES;
				GCC_WARN_UNINITIALIZED_AUTOS = YES_AGGRESSIVE;
				GCC_WARN_UNUSED_FUNCTION = YES;
				GCC_WARN_UNUSED_VARIABLE = YES;
				IPHONEOS_DEPLOYMENT_TARGET = 17.5;
				LOCALIZATION_PREFERS_STRING_CATALOGS = YES;
				MTL_ENABLE_DEBUG_INFO = INCLUDE_SOURCE;
				MTL_FAST_MATH = YES;
				ONLY_ACTIVE_ARCH = YES;
				SDKROOT = iphoneos;
				SWIFT_ACTIVE_COMPILATION_CONDITIONS = "DEBUG $(inherited)";
				SWIFT_OPTIMIZATION_LEVEL = "-Onone";
			};
			name = Debug;
		};
		96B1FEFA2C35CDDE00AEC78E /* Release */ = {
			isa = XCBuildConfiguration;
			buildSettings = {
				ALWAYS_SEARCH_USER_PATHS = NO;
				ASSETCATALOG_COMPILER_GENERATE_SWIFT_ASSET_SYMBOL_EXTENSIONS = YES;
				CLANG_ANALYZER_NONNULL = YES;
				CLANG_ANALYZER_NUMBER_OBJECT_CONVERSION = YES_AGGRESSIVE;
				CLANG_CXX_LANGUAGE_STANDARD = "gnu++20";
				CLANG_ENABLE_MODULES = YES;
				CLANG_ENABLE_OBJC_ARC = YES;
				CLANG_ENABLE_OBJC_WEAK = YES;
				CLANG_WARN_BLOCK_CAPTURE_AUTORELEASING = YES;
				CLANG_WARN_BOOL_CONVERSION = YES;
				CLANG_WARN_COMMA = YES;
				CLANG_WARN_CONSTANT_CONVERSION = YES;
				CLANG_WARN_DEPRECATED_OBJC_IMPLEMENTATIONS = YES;
				CLANG_WARN_DIRECT_OBJC_ISA_USAGE = YES_ERROR;
				CLANG_WARN_DOCUMENTATION_COMMENTS = YES;
				CLANG_WARN_EMPTY_BODY = YES;
				CLANG_WARN_ENUM_CONVERSION = YES;
				CLANG_WARN_INFINITE_RECURSION = YES;
				CLANG_WARN_INT_CONVERSION = YES;
				CLANG_WARN_NON_LITERAL_NULL_CONVERSION = YES;
				CLANG_WARN_OBJC_IMPLICIT_RETAIN_SELF = YES;
				CLANG_WARN_OBJC_LITERAL_CONVERSION = YES;
				CLANG_WARN_OBJC_ROOT_CLASS = YES_ERROR;
				CLANG_WARN_QUOTED_INCLUDE_IN_FRAMEWORK_HEADER = YES;
				CLANG_WARN_RANGE_LOOP_ANALYSIS = YES;
				CLANG_WARN_STRICT_PROTOTYPES = YES;
				CLANG_WARN_SUSPICIOUS_MOVE = YES;
				CLANG_WARN_UNGUARDED_AVAILABILITY = YES_AGGRESSIVE;
				CLANG_WARN_UNREACHABLE_CODE = YES;
				CLANG_WARN__DUPLICATE_METHOD_MATCH = YES;
				COPY_PHASE_STRIP = NO;
				DEBUG_INFORMATION_FORMAT = "dwarf-with-dsym";
				ENABLE_NS_ASSERTIONS = NO;
				ENABLE_STRICT_OBJC_MSGSEND = YES;
				ENABLE_USER_SCRIPT_SANDBOXING = YES;
				GCC_C_LANGUAGE_STANDARD = gnu17;
				GCC_NO_COMMON_BLOCKS = YES;
				GCC_WARN_64_TO_32_BIT_CONVERSION = YES;
				GCC_WARN_ABOUT_RETURN_TYPE = YES_ERROR;
				GCC_WARN_UNDECLARED_SELECTOR = YES;
				GCC_WARN_UNINITIALIZED_AUTOS = YES_AGGRESSIVE;
				GCC_WARN_UNUSED_FUNCTION = YES;
				GCC_WARN_UNUSED_VARIABLE = YES;
				IPHONEOS_DEPLOYMENT_TARGET = 17.5;
				LOCALIZATION_PREFERS_STRING_CATALOGS = YES;
				MTL_ENABLE_DEBUG_INFO = NO;
				MTL_FAST_MATH = YES;
				SDKROOT = iphoneos;
				SWIFT_COMPILATION_MODE = wholemodule;
				VALIDATE_PRODUCT = YES;
			};
			name = Release;
		};
		96B1FEFC2C35CDDE00AEC78E /* Debug */ = {
			isa = XCBuildConfiguration;
			buildSettings = {
				ASSETCATALOG_COMPILER_APPICON_NAME = AppIcon;
				ASSETCATALOG_COMPILER_GLOBAL_ACCENT_COLOR_NAME = AccentColor;
				CODE_SIGN_STYLE = Automatic;
				CURRENT_PROJECT_VERSION = 1;
				DEVELOPMENT_ASSET_PATHS = "\"SwiftUIBasic/Preview Content\"";
				DEVELOPMENT_TEAM = UH8RU635H6;
				ENABLE_PREVIEWS = YES;
				GENERATE_INFOPLIST_FILE = YES;
				INFOPLIST_KEY_UIApplicationSceneManifest_Generation = YES;
				INFOPLIST_KEY_UIApplicationSupportsIndirectInputEvents = YES;
				INFOPLIST_KEY_UILaunchScreen_Generation = YES;
				INFOPLIST_KEY_UISupportedInterfaceOrientations_iPad = "UIInterfaceOrientationPortrait UIInterfaceOrientationPortraitUpsideDown UIInterfaceOrientationLandscapeLeft UIInterfaceOrientationLandscapeRight";
				INFOPLIST_KEY_UISupportedInterfaceOrientations_iPhone = "UIInterfaceOrientationPortrait UIInterfaceOrientationLandscapeLeft UIInterfaceOrientationLandscapeRight";
				LD_RUNPATH_SEARCH_PATHS = (
					"$(inherited)",
					"@executable_path/Frameworks",
				);
				MARKETING_VERSION = 1.0;
				PRODUCT_BUNDLE_IDENTIFIER = com.yunni.SwiftUIBasic;
				PRODUCT_NAME = "$(TARGET_NAME)";
				SWIFT_EMIT_LOC_STRINGS = YES;
				SWIFT_VERSION = 5.0;
				TARGETED_DEVICE_FAMILY = "1,2";
			};
			name = Debug;
		};
		96B1FEFD2C35CDDE00AEC78E /* Release */ = {
			isa = XCBuildConfiguration;
			buildSettings = {
				ASSETCATALOG_COMPILER_APPICON_NAME = AppIcon;
				ASSETCATALOG_COMPILER_GLOBAL_ACCENT_COLOR_NAME = AccentColor;
				CODE_SIGN_STYLE = Automatic;
				CURRENT_PROJECT_VERSION = 1;
				DEVELOPMENT_ASSET_PATHS = "\"SwiftUIBasic/Preview Content\"";
				DEVELOPMENT_TEAM = UH8RU635H6;
				ENABLE_PREVIEWS = YES;
				GENERATE_INFOPLIST_FILE = YES;
				INFOPLIST_KEY_UIApplicationSceneManifest_Generation = YES;
				INFOPLIST_KEY_UIApplicationSupportsIndirectInputEvents = YES;
				INFOPLIST_KEY_UILaunchScreen_Generation = YES;
				INFOPLIST_KEY_UISupportedInterfaceOrientations_iPad = "UIInterfaceOrientationPortrait UIInterfaceOrientationPortraitUpsideDown UIInterfaceOrientationLandscapeLeft UIInterfaceOrientationLandscapeRight";
				INFOPLIST_KEY_UISupportedInterfaceOrientations_iPhone = "UIInterfaceOrientationPortrait UIInterfaceOrientationLandscapeLeft UIInterfaceOrientationLandscapeRight";
				LD_RUNPATH_SEARCH_PATHS = (
					"$(inherited)",
					"@executable_path/Frameworks",
				);
				MARKETING_VERSION = 1.0;
				PRODUCT_BUNDLE_IDENTIFIER = com.yunni.SwiftUIBasic;
				PRODUCT_NAME = "$(TARGET_NAME)";
				SWIFT_EMIT_LOC_STRINGS = YES;
				SWIFT_VERSION = 5.0;
				TARGETED_DEVICE_FAMILY = "1,2";
			};
			name = Release;
		};
/* End XCBuildConfiguration section */

/* Begin XCConfigurationList section */
		96B1FEE82C35CDDC00AEC78E /* Build configuration list for PBXProject "SwiftUIBasic" */ = {
			isa = XCConfigurationList;
			buildConfigurations = (
				96B1FEF92C35CDDE00AEC78E /* Debug */,
				96B1FEFA2C35CDDE00AEC78E /* Release */,
			);
			defaultConfigurationIsVisible = 0;
			defaultConfigurationName = Release;
		};
		96B1FEFB2C35CDDE00AEC78E /* Build configuration list for PBXNativeTarget "SwiftUIBasic" */ = {
			isa = XCConfigurationList;
			buildConfigurations = (
				96B1FEFC2C35CDDE00AEC78E /* Debug */,
				96B1FEFD2C35CDDE00AEC78E /* Release */,
			);
			defaultConfigurationIsVisible = 0;
			defaultConfigurationName = Release;
		};
/* End XCConfigurationList section */
	};
	rootObject = 96B1FEE52C35CDDC00AEC78E /* Project object */;
}
